
Microsoft Visual Studio Solution File, Format Version 12.00
# Visual Studio Version 16
VisualStudioVersion = 16.0.30621.155
MinimumVisualStudioVersion = 10.0.40219.1
Project("{9A19103F-16F7-4668-BE54-9A1E7A4F7556}") = "FtpManager", "FtpManager.csproj", "{F27FDDA2-1F4B-41BB-B351-F7F98C7DAC43}"
EndProject
Global
	GlobalSection(SolutionConfigurationPlatforms) = preSolution
		Debug|Any CPU = Debug|Any CPU
		Release|Any CPU = Release|Any CPU
	EndGlobalSection
	GlobalSection(ProjectConfigurationPlatforms) = postSolution
		{F27FDDA2-1F4B-41BB-B351-F7F98C7DAC43}.Debug|Any CPU.ActiveCfg = Debug|Any CPU
		{F27FDDA2-1F4B-41BB-B351-F7F98C7DAC43}.Debug|Any CPU.Build.0 = Debug|Any CPU
		{F27FDDA2-1F4B-41BB-B351-F7F98C7DAC43}.Release|Any CPU.ActiveCfg = Release|Any CPU
		{F27FDDA2-1F4B-41BB-B351-F7F98C7DAC43}.Release|Any CPU.Build.0 = Release|Any CPU
	EndGlobalSection
	GlobalSection(SolutionProperties) = preSolution
		HideSolutionNode = FALSE
	EndGlobalSection
	GlobalSection(ExtensibilityGlobals) = postSolution
		SolutionGuid = {5E137D79-7B75-4398-96F5-2C3AD2E62795}
	EndGlobalSection
EndGlobal
